// !$*UTF8*$!
{
	archiveVersion = 1;
	classes = {
	};
	objectVersion = 46;
	objects = {

/* Begin PBXBuildFile section */
		7A94D6EB1AB76A9C000AC47A /* AppDelegate.swift in Sources */ = {isa = PBXBuildFile; fileRef = 7A94D6EA1AB76A9C000AC47A /* AppDelegate.swift */; };
		7A94D6ED1AB76A9C000AC47A /* ViewController.swift in Sources */ = {isa = PBXBuildFile; fileRef = 7A94D6EC1AB76A9C000AC47A /* ViewController.swift */; };
		7A94D6F01AB76A9C000AC47A /* Main.storyboard in Resources */ = {isa = PBXBuildFile; fileRef = 7A94D6EE1AB76A9C000AC47A /* Main.storyboard */; };
		7A94D6F21AB76A9C000AC47A /* Images.xcassets in Resources */ = {isa = PBXBuildFile; fileRef = 7A94D6F11AB76A9C000AC47A /* Images.xcassets */; };
		7A94D6F51AB76A9C000AC47A /* LaunchScreen.xib in Resources */ = {isa = PBXBuildFile; fileRef = 7A94D6F31AB76A9C000AC47A /* LaunchScreen.xib */; };
		7A94D7011AB76A9C000AC47A /* XTests.swift in Sources */ = {isa = PBXBuildFile; fileRef = 7A94D7001AB76A9C000AC47A /* XTests.swift */; };
		7A94D70B1AB76AB3000AC47A /* CoreLocation.framework in Frameworks */ = {isa = PBXBuildFile; fileRef = 7A94D70A1AB76AB3000AC47A /* CoreLocation.framework */; };
		7A94D70D1AB76AB9000AC47A /* MapKit.framework in Frameworks */ = {isa = PBXBuildFile; fileRef = 7A94D70C1AB76AB9000AC47A /* MapKit.framework */; };
		7A94D70F1AB7D097000AC47A /* ShamesLogged.plist in Resources */ = {isa = PBXBuildFile; fileRef = 7A94D70E1AB7D097000AC47A /* ShamesLogged.plist */; };
/* End PBXBuildFile section */

/* Begin PBXContainerItemProxy section */
		7A94D6FB1AB76A9C000AC47A /* PBXContainerItemProxy */ = {
			isa = PBXContainerItemProxy;
			containerPortal = 7A94D6DD1AB76A9C000AC47A /* Project object */;
			proxyType = 1;
			remoteGlobalIDString = 7A94D6E41AB76A9C000AC47A;
			remoteInfo = X;
		};
/* End PBXContainerItemProxy section */

/* Begin PBXFileReference section */
		7A94D6E51AB76A9C000AC47A /* X.app */ = {isa = PBXFileReference; explicitFileType = wrapper.application; includeInIndex = 0; path = X.app; sourceTree = BUILT_PRODUCTS_DIR; };
		7A94D6E91AB76A9C000AC47A /* Info.plist */ = {isa = PBXFileReference; lastKnownFileType = text.plist.xml; path = Info.plist; sourceTree = "<group>"; };
		7A94D6EA1AB76A9C000AC47A /* AppDelegate.swift */ = {isa = PBXFileReference; lastKnownFileType = sourcecode.swift; path = AppDelegate.swift; sourceTree = "<group>"; };
		7A94D6EC1AB76A9C000AC47A /* ViewController.swift */ = {isa = PBXFileReference; lastKnownFileType = sourcecode.swift; path = ViewController.swift; sourceTree = "<group>"; };
		7A94D6EF1AB76A9C000AC47A /* Base */ = {isa = PBXFileReference; lastKnownFileType = file.storyboard; name = Base; path = Base.lproj/Main.storyboard; sourceTree = "<group>"; };
		7A94D6F11AB76A9C000AC47A /* Images.xcassets */ = {isa = PBXFileReference; lastKnownFileType = folder.assetcatalog; path = Images.xcassets; sourceTree = "<group>"; };
		7A94D6F41AB76A9C000AC47A /* Base */ = {isa = PBXFileReference; lastKnownFileType = file.xib; name = Base; path = Base.lproj/LaunchScreen.xib; sourceTree = "<group>"; };
		7A94D6FA1AB76A9C000AC47A /* XTests.xctest */ = {isa = PBXFileReference; explicitFileType = wrapper.cfbundle; includeInIndex = 0; path = XTests.xctest; sourceTree = BUILT_PRODUCTS_DIR; };
		7A94D6FF1AB76A9C000AC47A /* Info.plist */ = {isa = PBXFileReference; lastKnownFileType = text.plist.xml; path = Info.plist; sourceTree = "<group>"; };
		7A94D7001AB76A9C000AC47A /* XTests.swift */ = {isa = PBXFileReference; lastKnownFileType = sourcecode.swift; path = XTests.swift; sourceTree = "<group>"; };
		7A94D70A1AB76AB3000AC47A /* CoreLocation.framework */ = {isa = PBXFileReference; lastKnownFileType = wrapper.framework; name = CoreLocation.framework; path = System/Library/Frameworks/CoreLocation.framework; sourceTree = SDKROOT; };
		7A94D70C1AB76AB9000AC47A /* MapKit.framework */ = {isa = PBXFileReference; lastKnownFileType = wrapper.framework; name = MapKit.framework; path = System/Library/Frameworks/MapKit.framework; sourceTree = SDKROOT; };
		7A94D70E1AB7D097000AC47A /* ShamesLogged.plist */ = {isa = PBXFileReference; fileEncoding = 4; lastKnownFileType = text.plist.xml; path = ShamesLogged.plist; sourceTree = "<group>"; };
/* End PBXFileReference section */

/* Begin PBXFrameworksBuildPhase section */
		7A94D6E21AB76A9C000AC47A /* Frameworks */ = {
			isa = PBXFrameworksBuildPhase;
			buildActionMask = 2147483647;
			files = (
				7A94D70D1AB76AB9000AC47A /* MapKit.framework in Frameworks */,
				7A94D70B1AB76AB3000AC47A /* CoreLocation.framework in Frameworks */,
			);
			runOnlyForDeploymentPostprocessing = 0;
		};
		7A94D6F71AB76A9C000AC47A /* Frameworks */ = {
			isa = PBXFrameworksBuildPhase;
			buildActionMask = 2147483647;
			files = (
			);
			runOnlyForDeploymentPostprocessing = 0;
		};
/* End PBXFrameworksBuildPhase section */

/* Begin PBXGroup section */
		7A94D6DC1AB76A9C000AC47A = {
			isa = PBXGroup;
			children = (
				7A94D70C1AB76AB9000AC47A /* MapKit.framework */,
				7A94D70A1AB76AB3000AC47A /* CoreLocation.framework */,
				7A94D6E71AB76A9C000AC47A /* X */,
				7A94D6FD1AB76A9C000AC47A /* XTests */,
				7A94D6E61AB76A9C000AC47A /* Products */,
			);
			sourceTree = "<group>";
		};
		7A94D6E61AB76A9C000AC47A /* Products */ = {
			isa = PBXGroup;
			children = (
				7A94D6E51AB76A9C000AC47A /* X.app */,
				7A94D6FA1AB76A9C000AC47A /* XTests.xctest */,
			);
			name = Products;
			sourceTree = "<group>";
		};
		7A94D6E71AB76A9C000AC47A /* X */ = {
			isa = PBXGroup;
			children = (
				7A94D6EA1AB76A9C000AC47A /* AppDelegate.swift */,
				7A94D6EC1AB76A9C000AC47A /* ViewController.swift */,
				7A94D70E1AB7D097000AC47A /* ShamesLogged.plist */,
				7A94D6EE1AB76A9C000AC47A /* Main.storyboard */,
				7A94D6F11AB76A9C000AC47A /* Images.xcassets */,
				7A94D6F31AB76A9C000AC47A /* LaunchScreen.xib */,
				7A94D6E81AB76A9C000AC47A /* Supporting Files */,
			);
			path = X;
			sourceTree = "<group>";
		};
		7A94D6E81AB76A9C000AC47A /* Supporting Files */ = {
			isa = PBXGroup;
			children = (
				7A94D6E91AB76A9C000AC47A /* Info.plist */,
			);
			name = "Supporting Files";
			sourceTree = "<group>";
		};
		7A94D6FD1AB76A9C000AC47A /* XTests */ = {
			isa = PBXGroup;
			children = (
				7A94D7001AB76A9C000AC47A /* XTests.swift */,
				7A94D6FE1AB76A9C000AC47A /* Supporting Files */,
			);
			path = XTests;
			sourceTree = "<group>";
		};
		7A94D6FE1AB76A9C000AC47A /* Supporting Files */ = {
			isa = PBXGroup;
			children = (
				7A94D6FF1AB76A9C000AC47A /* Info.plist */,
			);
			name = "Supporting Files";
			sourceTree = "<group>";
		};
/* End PBXGroup section */

/* Begin PBXNativeTarget section */
		7A94D6E41AB76A9C000AC47A /* X */ = {
			isa = PBXNativeTarget;
			buildConfigurationList = 7A94D7041AB76A9C000AC47A /* Build configuration list for PBXNativeTarget "X" */;
			buildPhases = (
				7A94D6E11AB76A9C000AC47A /* Sources */,
				7A94D6E21AB76A9C000AC47A /* Frameworks */,
				7A94D6E31AB76A9C000AC47A /* Resources */,
			);
			buildRules = (
			);
			dependencies = (
			);
			name = X;
			productName = X;
			productReference = 7A94D6E51AB76A9C000AC47A /* X.app */;
			productType = "com.apple.product-type.application";
		};
		7A94D6F91AB76A9C000AC47A /* XTests */ = {
			isa = PBXNativeTarget;
			buildConfigurationList = 7A94D7071AB76A9C000AC47A /* Build configuration list for PBXNativeTarget "XTests" */;
			buildPhases = (
				7A94D6F61AB76A9C000AC47A /* Sources */,
				7A94D6F71AB76A9C000AC47A /* Frameworks */,
				7A94D6F81AB76A9C000AC47A /* Resources */,
			);
			buildRules = (
			);
			dependencies = (
				7A94D6FC1AB76A9C000AC47A /* PBXTargetDependency */,
			);
			name = XTests;
			productName = XTests;
			productReference = 7A94D6FA1AB76A9C000AC47A /* XTests.xctest */;
			productType = "com.apple.product-type.bundle.unit-test";
		};
/* End PBXNativeTarget section */

/* Begin PBXProject section */
		7A94D6DD1AB76A9C000AC47A /* Project object */ = {
			isa = PBXProject;
			attributes = {
				LastUpgradeCheck = 0610;
				ORGANIZATIONNAME = "Charlyn Buchanan";
				TargetAttributes = {
					7A94D6E41AB76A9C000AC47A = {
						CreatedOnToolsVersion = 6.1.1;
					};
					7A94D6F91AB76A9C000AC47A = {
						CreatedOnToolsVersion = 6.1.1;
						TestTargetID = 7A94D6E41AB76A9C000AC47A;
					};
				};
			};
			buildConfigurationList = 7A94D6E01AB76A9C000AC47A /* Build configuration list for PBXProject "X" */;
			compatibilityVersion = "Xcode 3.2";
			developmentRegion = English;
			hasScannedForEncodings = 0;
			knownRegions = (
				en,
				Base,
			);
			mainGroup = 7A94D6DC1AB76A9C000AC47A;
			productRefGroup = 7A94D6E61AB76A9C000AC47A /* Products */;
			projectDirPath = "";
			projectRoot = "";
			targets = (
				7A94D6E41AB76A9C000AC47A /* X */,
				7A94D6F91AB76A9C000AC47A /* XTests */,
			);
		};
/* End PBXProject section */

/* Begin PBXResourcesBuildPhase section */
		7A94D6E31AB76A9C000AC47A /* Resources */ = {
			isa = PBXResourcesBuildPhase;
			buildActionMask = 2147483647;
			files = (
				7A94D6F01AB76A9C000AC47A /* Main.storyboard in Resources */,
				7A94D6F51AB76A9C000AC47A /* LaunchScreen.xib in Resources */,
				7A94D6F21AB76A9C000AC47A /* Images.xcassets in Resources */,
				7A94D70F1AB7D097000AC47A /* ShamesLogged.plist in Resources */,
			);
			runOnlyForDeploymentPostprocessing = 0;
		};
		7A94D6F81AB76A9C000AC47A /* Resources */ = {
			isa = PBXResourcesBuildPhase;
			buildActionMask = 2147483647;
			files = (
			);
			runOnlyForDeploymentPostprocessing = 0;
		};
/* End PBXResourcesBuildPhase section */

/* Begin PBXSourcesBuildPhase section */
		7A94D6E11AB76A9C000AC47A /* Sources */ = {
			isa = PBXSourcesBuildPhase;
			buildActionMask = 2147483647;
			files = (
				7A94D6ED1AB76A9C000AC47A /* ViewController.swift in Sources */,
				7A94D6EB1AB76A9C000AC47A /* AppDelegate.swift in Sources */,
			);
			runOnlyForDeploymentPostprocessing = 0;
		};
		7A94D6F61AB76A9C000AC47A /* Sources */ = {
			isa = PBXSourcesBuildPhase;
			buildActionMask = 2147483647;
			files = (
				7A94D7011AB76A9C000AC47A /* XTests.swift in Sources */,
			);
			runOnlyForDeploymentPostprocessing = 0;
		};
/* End PBXSourcesBuildPhase section */

/* Begin PBXTargetDependency section */
		7A94D6FC1AB76A9C000AC47A /* PBXTargetDependency */ = {
			isa = PBXTargetDependency;
			target = 7A94D6E41AB76A9C000AC47A /* X */;
			targetProxy = 7A94D6FB1AB76A9C000AC47A /* PBXContainerItemProxy */;
		};
/* End PBXTargetDependency section */

/* Begin PBXVariantGroup section */
		7A94D6EE1AB76A9C000AC47A /* Main.storyboard */ = {
			isa = PBXVariantGroup;
			children = (
				7A94D6EF1AB76A9C000AC47A /* Base */,
			);
			name = Main.storyboard;
			sourceTree = "<group>";
		};
		7A94D6F31AB76A9C000AC47A /* LaunchScreen.xib */ = {
			isa = PBXVariantGroup;
			children = (
				7A94D6F41AB76A9C000AC47A /* Base */,
			);
			name = LaunchScreen.xib;
			sourceTree = "<group>";
		};
/* End PBXVariantGroup section */

/* Begin XCBuildConfiguration section */
		7A94D7021AB76A9C000AC47A /* Debug */ = {
			isa = XCBuildConfiguration;
			buildSettings = {
				ALWAYS_SEARCH_USER_PATHS = NO;
				CLANG_CXX_LANGUAGE_STANDARD = "gnu++0x";
				CLANG_CXX_LIBRARY = "libc++";
				CLANG_ENABLE_MODULES = YES;
				CLANG_ENABLE_OBJC_ARC = YES;
				CLANG_WARN_BOOL_CONVERSION = YES;
				CLANG_WARN_CONSTANT_CONVERSION = YES;
				CLANG_WARN_DIRECT_OBJC_ISA_USAGE = YES_ERROR;
				CLANG_WARN_EMPTY_BODY = YES;
				CLANG_WARN_ENUM_CONVERSION = YES;
				CLANG_WARN_INT_CONVERSION = YES;
				CLANG_WARN_OBJC_ROOT_CLASS = YES_ERROR;
				CLANG_WARN_UNREACHABLE_CODE = YES;
				CLANG_WARN__DUPLICATE_METHOD_MATCH = YES;
				"CODE_SIGN_IDENTITY[sdk=iphoneos*]" = "iPhone Developer";
				COPY_PHASE_STRIP = NO;
				ENABLE_STRICT_OBJC_MSGSEND = YES;
				GCC_C_LANGUAGE_STANDARD = gnu99;
				GCC_DYNAMIC_NO_PIC = NO;
				GCC_OPTIMIZATION_LEVEL = 0;
				GCC_PREPROCESSOR_DEFINITIONS = (
					"DEBUG=1",
					"$(inherited)",
				);
				GCC_SYMBOLS_PRIVATE_EXTERN = NO;
				GCC_WARN_64_TO_32_BIT_CONVERSION = YES;
				GCC_WARN_ABOUT_RETURN_TYPE = YES_ERROR;
				GCC_WARN_UNDECLARED_SELECTOR = YES;
				GCC_WARN_UNINITIALIZED_AUTOS = YES_AGGRESSIVE;
				GCC_WARN_UNUSED_FUNCTION = YES;
				GCC_WARN_UNUSED_VARIABLE = YES;
				IPHONEOS_DEPLOYMENT_TARGET = 8.1;
				MTL_ENABLE_DEBUG_INFO = YES;
				ONLY_ACTIVE_ARCH = YES;
				SDKROOT = iphoneos;
				SWIFT_OPTIMIZATION_LEVEL = "-Onone";
			};
			name = Debug;
		};
		7A94D7031AB76A9C000AC47A /* Release */ = {
			isa = XCBuildConfiguration;
			buildSettings = {
				ALWAYS_SEARCH_USER_PATHS = NO;
				CLANG_CXX_LANGUAGE_STANDARD = "gnu++0x";
				CLANG_CXX_LIBRARY = "libc++";
				CLANG_ENABLE_MODULES = YES;
				CLANG_ENABLE_OBJC_ARC = YES;
				CLANG_WARN_BOOL_CONVERSION = YES;
				CLANG_WARN_CONSTANT_CONVERSION = YES;
				CLANG_WARN_DIRECT_OBJC_ISA_USAGE = YES_ERROR;
				CLANG_WARN_EMPTY_BODY = YES;
				CLANG_WARN_ENUM_CONVERSION = YES;
				CLANG_WARN_INT_CONVERSION = YES;
				CLANG_WARN_OBJC_ROOT_CLASS = YES_ERROR;
				CLANG_WARN_UNREACHABLE_CODE = YES;
				CLANG_WARN__DUPLICATE_METHOD_MATCH = YES;
				"CODE_SIGN_IDENTITY[sdk=iphoneos*]" = "iPhone Developer";
				COPY_PHASE_STRIP = YES;
				ENABLE_NS_ASSERTIONS = NO;
				ENABLE_STRICT_OBJC_MSGSEND = YES;
				GCC_C_LANGUAGE_STANDARD = gnu99;
				GCC_WARN_64_TO_32_BIT_CONVERSION = YES;
				GCC_WARN_ABOUT_RETURN_TYPE = YES_ERROR;
				GCC_WARN_UNDECLARED_SELECTOR = YES;
				GCC_WARN_UNINITIALIZED_AUTOS = YES_AGGRESSIVE;
				GCC_WARN_UNUSED_FUNCTION = YES;
				GCC_WARN_UNUSED_VARIABLE = YES;
				IPHONEOS_DEPLOYMENT_TARGET = 8.1;
				MTL_ENABLE_DEBUG_INFO = NO;
				SDKROOT = iphoneos;
				VALIDATE_PRODUCT = YES;
			};
			name = Release;
		};
		7A94D7051AB76A9C000AC47A /* Debug */ = {
			isa = XCBuildConfiguration;
			buildSettings = {
				ASSETCATALOG_COMPILER_APPICON_NAME = AppIcon;
				INFOPLIST_FILE = X/Info.plist;
				LD_RUNPATH_SEARCH_PATHS = "$(inherited) @executable_path/Frameworks";
				PRODUCT_NAME = "$(TARGET_NAME)";
			};
			name = Debug;
		};
		7A94D7061AB76A9C000AC47A /* Release */ = {
			isa = XCBuildConfiguration;
			buildSettings = {
				ASSETCATALOG_COMPILER_APPICON_NAME = AppIcon;
				INFOPLIST_FILE = X/Info.plist;
				LD_RUNPATH_SEARCH_PATHS = "$(inherited) @executable_path/Frameworks";
				PRODUCT_NAME = "$(TARGET_NAME)";
			};
			name = Release;
		};
		7A94D7081AB76A9C000AC47A /* Debug */ = {
			isa = XCBuildConfiguration;
			buildSettings = {
				BUNDLE_LOADER = "$(TEST_HOST)";
				FRAMEWORK_SEARCH_PATHS = (
					"$(SDKROOT)/Developer/Library/Frameworks",
					"$(inherited)",
				);
				GCC_PREPROCESSOR_DEFINITIONS = (
					"DEBUG=1",
					"$(inherited)",
				);
				INFOPLIST_FILE = XTests/Info.plist;
				LD_RUNPATH_SEARCH_PATHS = "$(inherited) @executable_path/Frameworks @loader_path/Frameworks";
				PRODUCT_NAME = "$(TARGET_NAME)";
				TEST_HOST = "$(BUILT_PRODUCTS_DIR)/X.app/X";
			};
			name = Debug;
		};
		7A94D7091AB76A9C000AC47A /* Release */ = {
			isa = XCBuildConfiguration;
			buildSettings = {
				BUNDLE_LOADER = "$(TEST_HOST)";
				FRAMEWORK_SEARCH_PATHS = (
					"$(SDKROOT)/Developer/Library/Frameworks",
					"$(inherited)",
				);
				INFOPLIST_FILE = XTests/Info.plist;
				LD_RUNPATH_SEARCH_PATHS = "$(inherited) @executable_path/Frameworks @loader_path/Frameworks";
				PRODUCT_NAME = "$(TARGET_NAME)";
				TEST_HOST = "$(BUILT_PRODUCTS_DIR)/X.app/X";
			};
			name = Release;
		};
/* End XCBuildConfiguration section */

/* Begin XCConfigurationList section */
		7A94D6E01AB76A9C000AC47A /* Build configuration list for PBXProject "X" */ = {
			isa = XCConfigurationList;
			buildConfigurations = (
				7A94D7021AB76A9C000AC47A /* Debug */,
				7A94D7031AB76A9C000AC47A /* Release */,
			);
			defaultConfigurationIsVisible = 0;
			defaultConfigurationName = Release;
		};
		7A94D7041AB76A9C000AC47A /* Build configuration list for PBXNativeTarget "X" */ = {
			isa = XCConfigurationList;
			buildConfigurations = (
				7A94D7051AB76A9C000AC47A /* Debug */,
				7A94D7061AB76A9C000AC47A /* Release */,
			);
			defaultConfigurationIsVisible = 0;
		};
		7A94D7071AB76A9C000AC47A /* Build configuration list for PBXNativeTarget "XTests" */ = {
			isa = XCConfigurationList;
			buildConfigurations = (
				7A94D7081AB76A9C000AC47A /* Debug */,
				7A94D7091AB76A9C000AC47A /* Release */,
			);
			defaultConfigurationIsVisible = 0;
		};
/* End XCConfigurationList section */
	};
	rootObject = 7A94D6DD1AB76A9C000AC47A /* Project object */;
}
